
Microsoft Visual Studio Solution File, Format Version 12.00
# Visual Studio Express 2013 for Windows Desktop
VisualStudioVersion = 12.0.31101.0
MinimumVisualStudioVersion = 10.0.40219.1
Project("{FAE04EC0-301F-11D3-BF4B-00C04F79EFBC}") = "BPMDetect", "BPMDetect\BPMDetect.csproj", "{2FF45107-FBFA-4327-A986-3A46CA4BC4AA}"
EndProject
Project("{FAE04EC0-301F-11D3-BF4B-00C04F79EFBC}") = "BpmDetectorw", "BpmDetectorw\BpmDetectorw.csproj", "{818A101E-35AD-4257-8073-B9BD8D99EAB5}"
EndProject
Project("{FAE04EC0-301F-11D3-BF4B-00C04F79EFBC}") = "SoundAnalyzeLib", "SoundAnalyzeLib\SoundAnalyzeLib.csproj", "{B447F80A-A29D-4A5B-9A0B-2ACF7C3BB499}"
EndProject
Project("{FAE04EC0-301F-11D3-BF4B-00C04F79EFBC}") = "Labo", "Labo\Labo.csproj", "{6D3BFF82-39AC-4743-B47F-528E28DE901F}"
EndProject
Project("{FAE04EC0-301F-11D3-BF4B-00C04F79EFBC}") = "AccordionInWpf", "AccordionInWpf\AccordionInWpf.csproj", "{FA814773-F19B-4C35-9707-C6CF60B63498}"
EndProject
Project("{FAE04EC0-301F-11D3-BF4B-00C04F79EFBC}") = "BpmDec", "BpmDec\BpmDec.csproj", "{2B7B6825-6EBE-48A2-8BF7-DDCC477C84D7}"
EndProject
Project("{FAE04EC0-301F-11D3-BF4B-00C04F79EFBC}") = "UnitTestProject", "UnitTestProject\UnitTestProject.csproj", "{9B4DD458-813A-4225-8364-88B865E19CDC}"
EndProject
Project("{FAE04EC0-301F-11D3-BF4B-00C04F79EFBC}") = "ComUtils", "ComUtils\ComUtils.csproj", "{3A8945C6-A563-4957-85E1-221B0715F8E2}"
EndProject
Project("{FAE04EC0-301F-11D3-BF4B-00C04F79EFBC}") = "PlaylistGenerator", "PlaylistGenerator\PlaylistGenerator.csproj", "{24F7CF62-9320-4566-A396-B9C8C54E1B08}"
EndProject
Global
	GlobalSection(SolutionConfigurationPlatforms) = preSolution
		Debug|Any CPU = Debug|Any CPU
		Release|Any CPU = Release|Any CPU
	EndGlobalSection
	GlobalSection(ProjectConfigurationPlatforms) = postSolution
		{2FF45107-FBFA-4327-A986-3A46CA4BC4AA}.Debug|Any CPU.ActiveCfg = Debug|Any CPU
		{2FF45107-FBFA-4327-A986-3A46CA4BC4AA}.Debug|Any CPU.Build.0 = Debug|Any CPU
		{2FF45107-FBFA-4327-A986-3A46CA4BC4AA}.Release|Any CPU.ActiveCfg = Release|Any CPU
		{2FF45107-FBFA-4327-A986-3A46CA4BC4AA}.Release|Any CPU.Build.0 = Release|Any CPU
		{818A101E-35AD-4257-8073-B9BD8D99EAB5}.Debug|Any CPU.ActiveCfg = Debug|Any CPU
		{818A101E-35AD-4257-8073-B9BD8D99EAB5}.Debug|Any CPU.Build.0 = Debug|Any CPU
		{818A101E-35AD-4257-8073-B9BD8D99EAB5}.Release|Any CPU.ActiveCfg = Release|Any CPU
		{818A101E-35AD-4257-8073-B9BD8D99EAB5}.Release|Any CPU.Build.0 = Release|Any CPU
		{B447F80A-A29D-4A5B-9A0B-2ACF7C3BB499}.Debug|Any CPU.ActiveCfg = Debug|Any CPU
		{B447F80A-A29D-4A5B-9A0B-2ACF7C3BB499}.Debug|Any CPU.Build.0 = Debug|Any CPU
		{B447F80A-A29D-4A5B-9A0B-2ACF7C3BB499}.Release|Any CPU.ActiveCfg = Release|Any CPU
		{B447F80A-A29D-4A5B-9A0B-2ACF7C3BB499}.Release|Any CPU.Build.0 = Release|Any CPU
		{6D3BFF82-39AC-4743-B47F-528E28DE901F}.Debug|Any CPU.ActiveCfg = Debug|Any CPU
		{6D3BFF82-39AC-4743-B47F-528E28DE901F}.Debug|Any CPU.Build.0 = Debug|Any CPU
		{6D3BFF82-39AC-4743-B47F-528E28DE901F}.Release|Any CPU.ActiveCfg = Release|Any CPU
		{6D3BFF82-39AC-4743-B47F-528E28DE901F}.Release|Any CPU.Build.0 = Release|Any CPU
		{FA814773-F19B-4C35-9707-C6CF60B63498}.Debug|Any CPU.ActiveCfg = Debug|Any CPU
		{FA814773-F19B-4C35-9707-C6CF60B63498}.Debug|Any CPU.Build.0 = Debug|Any CPU
		{FA814773-F19B-4C35-9707-C6CF60B63498}.Release|Any CPU.ActiveCfg = Release|Any CPU
		{FA814773-F19B-4C35-9707-C6CF60B63498}.Release|Any CPU.Build.0 = Release|Any CPU
		{2B7B6825-6EBE-48A2-8BF7-DDCC477C84D7}.Debug|Any CPU.ActiveCfg = Debug|Any CPU
		{2B7B6825-6EBE-48A2-8BF7-DDCC477C84D7}.Debug|Any CPU.Build.0 = Debug|Any CPU
		{2B7B6825-6EBE-48A2-8BF7-DDCC477C84D7}.Release|Any CPU.ActiveCfg = Release|Any CPU
		{2B7B6825-6EBE-48A2-8BF7-DDCC477C84D7}.Release|Any CPU.Build.0 = Release|Any CPU
		{9B4DD458-813A-4225-8364-88B865E19CDC}.Debug|Any CPU.ActiveCfg = Debug|Any CPU
		{9B4DD458-813A-4225-8364-88B865E19CDC}.Debug|Any CPU.Build.0 = Debug|Any CPU
		{9B4DD458-813A-4225-8364-88B865E19CDC}.Release|Any CPU.ActiveCfg = Release|Any CPU
		{9B4DD458-813A-4225-8364-88B865E19CDC}.Release|Any CPU.Build.0 = Release|Any CPU
		{3A8945C6-A563-4957-85E1-221B0715F8E2}.Debug|Any CPU.ActiveCfg = Debug|Any CPU
		{3A8945C6-A563-4957-85E1-221B0715F8E2}.Debug|Any CPU.Build.0 = Debug|Any CPU
		{3A8945C6-A563-4957-85E1-221B0715F8E2}.Release|Any CPU.ActiveCfg = Release|Any CPU
		{3A8945C6-A563-4957-85E1-221B0715F8E2}.Release|Any CPU.Build.0 = Release|Any CPU
		{24F7CF62-9320-4566-A396-B9C8C54E1B08}.Debug|Any CPU.ActiveCfg = Debug|Any CPU
		{24F7CF62-9320-4566-A396-B9C8C54E1B08}.Debug|Any CPU.Build.0 = Debug|Any CPU
		{24F7CF62-9320-4566-A396-B9C8C54E1B08}.Release|Any CPU.ActiveCfg = Release|Any CPU
		{24F7CF62-9320-4566-A396-B9C8C54E1B08}.Release|Any CPU.Build.0 = Release|Any CPU
	EndGlobalSection
	GlobalSection(SolutionProperties) = preSolution
		HideSolutionNode = FALSE
	EndGlobalSection
EndGlobal
